
Microsoft Visual Studio Solution File, Format Version 12.00
# Visual Studio Version 17
VisualStudioVersion = 17.0.31903.59
MinimumVisualStudioVersion = 10.0.40219.1
Project("{FAE04EC0-301F-11D3-BF4B-00C04F79EFBC}") = "exercicio1", "exercicio1\exercicio1.csproj", "{5309511B-D6AD-46D6-84D8-60AF691DC716}"
EndProject
Project("{FAE04EC0-301F-11D3-BF4B-00C04F79EFBC}") = "Exercicio2", "Exercicio2\Exercicio2.csproj", "{3007804B-CA90-4389-8EF0-8EAA830AF4AB}"
EndProject
Project("{FAE04EC0-301F-11D3-BF4B-00C04F79EFBC}") = "Exercicio3", "Exercicio3\Exercicio3.csproj", "{B0AC7B8C-9A84-481A-8B9C-4C605B5D6267}"
EndProject
Project("{FAE04EC0-301F-11D3-BF4B-00C04F79EFBC}") = "Exercicio4", "Exercicio4\Exercicio4.csproj", "{494EA0B8-662D-4CF4-AA6D-2684F76E3836}"
EndProject
Project("{FAE04EC0-301F-11D3-BF4B-00C04F79EFBC}") = "Exercicio5", "Exercicio5\Exercicio5.csproj", "{3835DBF1-4CEE-4E78-B613-FDD315EE2C10}"
EndProject
Project("{FAE04EC0-301F-11D3-BF4B-00C04F79EFBC}") = "Exercicio6", "Exercicio6\Exercicio6.csproj", "{054F0319-5244-4EB1-AA45-5C7213EC0495}"
EndProject
Project("{FAE04EC0-301F-11D3-BF4B-00C04F79EFBC}") = "Exercicio7", "Exercicio7\Exercicio7.csproj", "{70051C33-A07B-4920-9809-C717EE100807}"
EndProject
Project("{FAE04EC0-301F-11D3-BF4B-00C04F79EFBC}") = "Exercicio8", "Exercicio8\Exercicio8.csproj", "{87689483-B347-4342-828E-982AE3354E65}"
EndProject
Project("{FAE04EC0-301F-11D3-BF4B-00C04F79EFBC}") = "Exercicio9", "Exercicio9\Exercicio9.csproj", "{2CE692A9-98C3-48EF-92B4-ADBD32891E10}"
EndProject
Project("{FAE04EC0-301F-11D3-BF4B-00C04F79EFBC}") = "Exercicio10", "Exercicio10\Exercicio10.csproj", "{57FB798D-D91F-44C2-8E4F-69BE877E61FF}"
EndProject
Global
	GlobalSection(SolutionConfigurationPlatforms) = preSolution
		Debug|Any CPU = Debug|Any CPU
		Debug|x64 = Debug|x64
		Debug|x86 = Debug|x86
		Release|Any CPU = Release|Any CPU
		Release|x64 = Release|x64
		Release|x86 = Release|x86
	EndGlobalSection
	GlobalSection(ProjectConfigurationPlatforms) = postSolution
		{5309511B-D6AD-46D6-84D8-60AF691DC716}.Debug|Any CPU.ActiveCfg = Debug|Any CPU
		{5309511B-D6AD-46D6-84D8-60AF691DC716}.Debug|Any CPU.Build.0 = Debug|Any CPU
		{5309511B-D6AD-46D6-84D8-60AF691DC716}.Debug|x64.ActiveCfg = Debug|Any CPU
		{5309511B-D6AD-46D6-84D8-60AF691DC716}.Debug|x64.Build.0 = Debug|Any CPU
		{5309511B-D6AD-46D6-84D8-60AF691DC716}.Debug|x86.ActiveCfg = Debug|Any CPU
		{5309511B-D6AD-46D6-84D8-60AF691DC716}.Debug|x86.Build.0 = Debug|Any CPU
		{5309511B-D6AD-46D6-84D8-60AF691DC716}.Release|Any CPU.ActiveCfg = Release|Any CPU
		{5309511B-D6AD-46D6-84D8-60AF691DC716}.Release|Any CPU.Build.0 = Release|Any CPU
		{5309511B-D6AD-46D6-84D8-60AF691DC716}.Release|x64.ActiveCfg = Release|Any CPU
		{5309511B-D6AD-46D6-84D8-60AF691DC716}.Release|x64.Build.0 = Release|Any CPU
		{5309511B-D6AD-46D6-84D8-60AF691DC716}.Release|x86.ActiveCfg = Release|Any CPU
		{5309511B-D6AD-46D6-84D8-60AF691DC716}.Release|x86.Build.0 = Release|Any CPU
		{3007804B-CA90-4389-8EF0-8EAA830AF4AB}.Debug|Any CPU.ActiveCfg = Debug|Any CPU
		{3007804B-CA90-4389-8EF0-8EAA830AF4AB}.Debug|Any CPU.Build.0 = Debug|Any CPU
		{3007804B-CA90-4389-8EF0-8EAA830AF4AB}.Debug|x64.ActiveCfg = Debug|Any CPU
		{3007804B-CA90-4389-8EF0-8EAA830AF4AB}.Debug|x64.Build.0 = Debug|Any CPU
		{3007804B-CA90-4389-8EF0-8EAA830AF4AB}.Debug|x86.ActiveCfg = Debug|Any CPU
		{3007804B-CA90-4389-8EF0-8EAA830AF4AB}.Debug|x86.Build.0 = Debug|Any CPU
		{3007804B-CA90-4389-8EF0-8EAA830AF4AB}.Release|Any CPU.ActiveCfg = Release|Any CPU
		{3007804B-CA90-4389-8EF0-8EAA830AF4AB}.Release|Any CPU.Build.0 = Release|Any CPU
		{3007804B-CA90-4389-8EF0-8EAA830AF4AB}.Release|x64.ActiveCfg = Release|Any CPU
		{3007804B-CA90-4389-8EF0-8EAA830AF4AB}.Release|x64.Build.0 = Release|Any CPU
		{3007804B-CA90-4389-8EF0-8EAA830AF4AB}.Release|x86.ActiveCfg = Release|Any CPU
		{3007804B-CA90-4389-8EF0-8EAA830AF4AB}.Release|x86.Build.0 = Release|Any CPU
		{B0AC7B8C-9A84-481A-8B9C-4C605B5D6267}.Debug|Any CPU.ActiveCfg = Debug|Any CPU
		{B0AC7B8C-9A84-481A-8B9C-4C605B5D6267}.Debug|Any CPU.Build.0 = Debug|Any CPU
		{B0AC7B8C-9A84-481A-8B9C-4C605B5D6267}.Debug|x64.ActiveCfg = Debug|Any CPU
		{B0AC7B8C-9A84-481A-8B9C-4C605B5D6267}.Debug|x64.Build.0 = Debug|Any CPU
		{B0AC7B8C-9A84-481A-8B9C-4C605B5D6267}.Debug|x86.ActiveCfg = Debug|Any CPU
		{B0AC7B8C-9A84-481A-8B9C-4C605B5D6267}.Debug|x86.Build.0 = Debug|Any CPU
		{B0AC7B8C-9A84-481A-8B9C-4C605B5D6267}.Release|Any CPU.ActiveCfg = Release|Any CPU
		{B0AC7B8C-9A84-481A-8B9C-4C605B5D6267}.Release|Any CPU.Build.0 = Release|Any CPU
		{B0AC7B8C-9A84-481A-8B9C-4C605B5D6267}.Release|x64.ActiveCfg = Release|Any CPU
		{B0AC7B8C-9A84-481A-8B9C-4C605B5D6267}.Release|x64.Build.0 = Release|Any CPU
		{B0AC7B8C-9A84-481A-8B9C-4C605B5D6267}.Release|x86.ActiveCfg = Release|Any CPU
		{B0AC7B8C-9A84-481A-8B9C-4C605B5D6267}.Release|x86.Build.0 = Release|Any CPU
		{494EA0B8-662D-4CF4-AA6D-2684F76E3836}.Debug|Any CPU.ActiveCfg = Debug|Any CPU
		{494EA0B8-662D-4CF4-AA6D-2684F76E3836}.Debug|Any CPU.Build.0 = Debug|Any CPU
		{494EA0B8-662D-4CF4-AA6D-2684F76E3836}.Debug|x64.ActiveCfg = Debug|Any CPU
		{494EA0B8-662D-4CF4-AA6D-2684F76E3836}.Debug|x64.Build.0 = Debug|Any CPU
		{494EA0B8-662D-4CF4-AA6D-2684F76E3836}.Debug|x86.ActiveCfg = Debug|Any CPU
		{494EA0B8-662D-4CF4-AA6D-2684F76E3836}.Debug|x86.Build.0 = Debug|Any CPU
		{494EA0B8-662D-4CF4-AA6D-2684F76E3836}.Release|Any CPU.ActiveCfg = Release|Any CPU
		{494EA0B8-662D-4CF4-AA6D-2684F76E3836}.Release|Any CPU.Build.0 = Release|Any CPU
		{494EA0B8-662D-4CF4-AA6D-2684F76E3836}.Release|x64.ActiveCfg = Release|Any CPU
		{494EA0B8-662D-4CF4-AA6D-2684F76E3836}.Release|x64.Build.0 = Release|Any CPU
		{494EA0B8-662D-4CF4-AA6D-2684F76E3836}.Release|x86.ActiveCfg = Release|Any CPU
		{494EA0B8-662D-4CF4-AA6D-2684F76E3836}.Release|x86.Build.0 = Release|Any CPU
		{3835DBF1-4CEE-4E78-B613-FDD315EE2C10}.Debug|Any CPU.ActiveCfg = Debug|Any CPU
		{3835DBF1-4CEE-4E78-B613-FDD315EE2C10}.Debug|Any CPU.Build.0 = Debug|Any CPU
		{3835DBF1-4CEE-4E78-B613-FDD315EE2C10}.Debug|x64.ActiveCfg = Debug|Any CPU
		{3835DBF1-4CEE-4E78-B613-FDD315EE2C10}.Debug|x64.Build.0 = Debug|Any CPU
		{3835DBF1-4CEE-4E78-B613-FDD315EE2C10}.Debug|x86.ActiveCfg = Debug|Any CPU
		{3835DBF1-4CEE-4E78-B613-FDD315EE2C10}.Debug|x86.Build.0 = Debug|Any CPU
		{3835DBF1-4CEE-4E78-B613-FDD315EE2C10}.Release|Any CPU.ActiveCfg = Release|Any CPU
		{3835DBF1-4CEE-4E78-B613-FDD315EE2C10}.Release|Any CPU.Build.0 = Release|Any CPU
		{3835DBF1-4CEE-4E78-B613-FDD315EE2C10}.Release|x64.ActiveCfg = Release|Any CPU
		{3835DBF1-4CEE-4E78-B613-FDD315EE2C10}.Release|x64.Build.0 = Release|Any CPU
		{3835DBF1-4CEE-4E78-B613-FDD315EE2C10}.Release|x86.ActiveCfg = Release|Any CPU
		{3835DBF1-4CEE-4E78-B613-FDD315EE2C10}.Release|x86.Build.0 = Release|Any CPU
		{054F0319-5244-4EB1-AA45-5C7213EC0495}.Debug|Any CPU.ActiveCfg = Debug|Any CPU
		{054F0319-5244-4EB1-AA45-5C7213EC0495}.Debug|Any CPU.Build.0 = Debug|Any CPU
		{054F0319-5244-4EB1-AA45-5C7213EC0495}.Debug|x64.ActiveCfg = Debug|Any CPU
		{054F0319-5244-4EB1-AA45-5C7213EC0495}.Debug|x64.Build.0 = Debug|Any CPU
		{054F0319-5244-4EB1-AA45-5C7213EC0495}.Debug|x86.ActiveCfg = Debug|Any CPU
		{054F0319-5244-4EB1-AA45-5C7213EC0495}.Debug|x86.Build.0 = Debug|Any CPU
		{054F0319-5244-4EB1-AA45-5C7213EC0495}.Release|Any CPU.ActiveCfg = Release|Any CPU
		{054F0319-5244-4EB1-AA45-5C7213EC0495}.Release|Any CPU.Build.0 = Release|Any CPU
		{054F0319-5244-4EB1-AA45-5C7213EC0495}.Release|x64.ActiveCfg = Release|Any CPU
		{054F0319-5244-4EB1-AA45-5C7213EC0495}.Release|x64.Build.0 = Release|Any CPU
		{054F0319-5244-4EB1-AA45-5C7213EC0495}.Release|x86.ActiveCfg = Release|Any CPU
		{054F0319-5244-4EB1-AA45-5C7213EC0495}.Release|x86.Build.0 = Release|Any CPU
		{70051C33-A07B-4920-9809-C717EE100807}.Debug|Any CPU.ActiveCfg = Debug|Any CPU
		{70051C33-A07B-4920-9809-C717EE100807}.Debug|Any CPU.Build.0 = Debug|Any CPU
		{70051C33-A07B-4920-9809-C717EE100807}.Debug|x64.ActiveCfg = Debug|Any CPU
		{70051C33-A07B-4920-9809-C717EE100807}.Debug|x64.Build.0 = Debug|Any CPU
		{70051C33-A07B-4920-9809-C717EE100807}.Debug|x86.ActiveCfg = Debug|Any CPU
		{70051C33-A07B-4920-9809-C717EE100807}.Debug|x86.Build.0 = Debug|Any CPU
		{70051C33-A07B-4920-9809-C717EE100807}.Release|Any CPU.ActiveCfg = Release|Any CPU
		{70051C33-A07B-4920-9809-C717EE100807}.Release|Any CPU.Build.0 = Release|Any CPU
		{70051C33-A07B-4920-9809-C717EE100807}.Release|x64.ActiveCfg = Release|Any CPU
		{70051C33-A07B-4920-9809-C717EE100807}.Release|x64.Build.0 = Release|Any CPU
		{70051C33-A07B-4920-9809-C717EE100807}.Release|x86.ActiveCfg = Release|Any CPU
		{70051C33-A07B-4920-9809-C717EE100807}.Release|x86.Build.0 = Release|Any CPU
		{87689483-B347-4342-828E-982AE3354E65}.Debug|Any CPU.ActiveCfg = Debug|Any CPU
		{87689483-B347-4342-828E-982AE3354E65}.Debug|Any CPU.Build.0 = Debug|Any CPU
		{87689483-B347-4342-828E-982AE3354E65}.Debug|x64.ActiveCfg = Debug|Any CPU
		{87689483-B347-4342-828E-982AE3354E65}.Debug|x64.Build.0 = Debug|Any CPU
		{87689483-B347-4342-828E-982AE3354E65}.Debug|x86.ActiveCfg = Debug|Any CPU
		{87689483-B347-4342-828E-982AE3354E65}.Debug|x86.Build.0 = Debug|Any CPU
		{87689483-B347-4342-828E-982AE3354E65}.Release|Any CPU.ActiveCfg = Release|Any CPU
		{87689483-B347-4342-828E-982AE3354E65}.Release|Any CPU.Build.0 = Release|Any CPU
		{87689483-B347-4342-828E-982AE3354E65}.Release|x64.ActiveCfg = Release|Any CPU
		{87689483-B347-4342-828E-982AE3354E65}.Release|x64.Build.0 = Release|Any CPU
		{87689483-B347-4342-828E-982AE3354E65}.Release|x86.ActiveCfg = Release|Any CPU
		{87689483-B347-4342-828E-982AE3354E65}.Release|x86.Build.0 = Release|Any CPU
		{2CE692A9-98C3-48EF-92B4-ADBD32891E10}.Debug|Any CPU.ActiveCfg = Debug|Any CPU
		{2CE692A9-98C3-48EF-92B4-ADBD32891E10}.Debug|Any CPU.Build.0 = Debug|Any CPU
		{2CE692A9-98C3-48EF-92B4-ADBD32891E10}.Debug|x64.ActiveCfg = Debug|Any CPU
		{2CE692A9-98C3-48EF-92B4-ADBD32891E10}.Debug|x64.Build.0 = Debug|Any CPU
		{2CE692A9-98C3-48EF-92B4-ADBD32891E10}.Debug|x86.ActiveCfg = Debug|Any CPU
		{2CE692A9-98C3-48EF-92B4-ADBD32891E10}.Debug|x86.Build.0 = Debug|Any CPU
		{2CE692A9-98C3-48EF-92B4-ADBD32891E10}.Release|Any CPU.ActiveCfg = Release|Any CPU
		{2CE692A9-98C3-48EF-92B4-ADBD32891E10}.Release|Any CPU.Build.0 = Release|Any CPU
		{2CE692A9-98C3-48EF-92B4-ADBD32891E10}.Release|x64.ActiveCfg = Release|Any CPU
		{2CE692A9-98C3-48EF-92B4-ADBD32891E10}.Release|x64.Build.0 = Release|Any CPU
		{2CE692A9-98C3-48EF-92B4-ADBD32891E10}.Release|x86.ActiveCfg = Release|Any CPU
		{2CE692A9-98C3-48EF-92B4-ADBD32891E10}.Release|x86.Build.0 = Release|Any CPU
		{57FB798D-D91F-44C2-8E4F-69BE877E61FF}.Debug|Any CPU.ActiveCfg = Debug|Any CPU
		{57FB798D-D91F-44C2-8E4F-69BE877E61FF}.Debug|Any CPU.Build.0 = Debug|Any CPU
		{57FB798D-D91F-44C2-8E4F-69BE877E61FF}.Debug|x64.ActiveCfg = Debug|Any CPU
		{57FB798D-D91F-44C2-8E4F-69BE877E61FF}.Debug|x64.Build.0 = Debug|Any CPU
		{57FB798D-D91F-44C2-8E4F-69BE877E61FF}.Debug|x86.ActiveCfg = Debug|Any CPU
		{57FB798D-D91F-44C2-8E4F-69BE877E61FF}.Debug|x86.Build.0 = Debug|Any CPU
		{57FB798D-D91F-44C2-8E4F-69BE877E61FF}.Release|Any CPU.ActiveCfg = Release|Any CPU
		{57FB798D-D91F-44C2-8E4F-69BE877E61FF}.Release|Any CPU.Build.0 = Release|Any CPU
		{57FB798D-D91F-44C2-8E4F-69BE877E61FF}.Release|x64.ActiveCfg = Release|Any CPU
		{57FB798D-D91F-44C2-8E4F-69BE877E61FF}.Release|x64.Build.0 = Release|Any CPU
		{57FB798D-D91F-44C2-8E4F-69BE877E61FF}.Release|x86.ActiveCfg = Release|Any CPU
		{57FB798D-D91F-44C2-8E4F-69BE877E61FF}.Release|x86.Build.0 = Release|Any CPU
	EndGlobalSection
	GlobalSection(SolutionProperties) = preSolution
		HideSolutionNode = FALSE
	EndGlobalSection
EndGlobal
